// !$*UTF8*$!
{
	archiveVersion = 1;
	classes = {
	};
	objectVersion = 46;
	objects = {

/* Begin PBXBuildFile section */
		3F4F9B341C328E9A008F7140 /* main.m in Sources */ = {isa = PBXBuildFile; fileRef = 3F4F9B331C328E9A008F7140 /* main.m */; };
		3F4F9B371C328E9A008F7140 /* AppDelegate.m in Sources */ = {isa = PBXBuildFile; fileRef = 3F4F9B361C328E9A008F7140 /* AppDelegate.m */; };
		3F4F9B3A1C328E9A008F7140 /* ViewController.m in Sources */ = {isa = PBXBuildFile; fileRef = 3F4F9B391C328E9A008F7140 /* ViewController.m */; };
		3F4F9B3D1C328E9A008F7140 /* Main.storyboard in Resources */ = {isa = PBXBuildFile; fileRef = 3F4F9B3B1C328E9A008F7140 /* Main.storyboard */; };
		3F4F9B3F1C328E9A008F7140 /* Assets.xcassets in Resources */ = {isa = PBXBuildFile; fileRef = 3F4F9B3E1C328E9A008F7140 /* Assets.xcassets */; };
		3F4F9B421C328E9A008F7140 /* LaunchScreen.storyboard in Resources */ = {isa = PBXBuildFile; fileRef = 3F4F9B401C328E9A008F7140 /* LaunchScreen.storyboard */; };
		3F4F9B4D1C328E9A008F7140 /* CellDemoTests.m in Sources */ = {isa = PBXBuildFile; fileRef = 3F4F9B4C1C328E9A008F7140 /* CellDemoTests.m */; };
		3F4F9B581C328E9A008F7140 /* CellDemoUITests.m in Sources */ = {isa = PBXBuildFile; fileRef = 3F4F9B571C328E9A008F7140 /* CellDemoUITests.m */; };
/* End PBXBuildFile section */

/* Begin PBXContainerItemProxy section */
		3F4F9B491C328E9A008F7140 /* PBXContainerItemProxy */ = {
			isa = PBXContainerItemProxy;
			containerPortal = 3F4F9B271C328E9A008F7140 /* Project object */;
			proxyType = 1;
			remoteGlobalIDString = 3F4F9B2E1C328E9A008F7140;
			remoteInfo = CellDemo;
		};
		3F4F9B541C328E9A008F7140 /* PBXContainerItemProxy */ = {
			isa = PBXContainerItemProxy;
			containerPortal = 3F4F9B271C328E9A008F7140 /* Project object */;
			proxyType = 1;
			remoteGlobalIDString = 3F4F9B2E1C328E9A008F7140;
			remoteInfo = CellDemo;
		};
/* End PBXContainerItemProxy section */

/* Begin PBXFileReference section */
		3F4F9B2F1C328E9A008F7140 /* CellDemo.app */ = {isa = PBXFileReference; explicitFileType = wrapper.application; includeInIndex = 0; path = CellDemo.app; sourceTree = BUILT_PRODUCTS_DIR; };
		3F4F9B331C328E9A008F7140 /* main.m */ = {isa = PBXFileReference; lastKnownFileType = sourcecode.c.objc; path = main.m; sourceTree = "<group>"; };
		3F4F9B351C328E9A008F7140 /* AppDelegate.h */ = {isa = PBXFileReference; lastKnownFileType = sourcecode.c.h; path = AppDelegate.h; sourceTree = "<group>"; };
		3F4F9B361C328E9A008F7140 /* AppDelegate.m */ = {isa = PBXFileReference; lastKnownFileType = sourcecode.c.objc; path = AppDelegate.m; sourceTree = "<group>"; };
		3F4F9B381C328E9A008F7140 /* ViewController.h */ = {isa = PBXFileReference; lastKnownFileType = sourcecode.c.h; path = ViewController.h; sourceTree = "<group>"; };
		3F4F9B391C328E9A008F7140 /* ViewController.m */ = {isa = PBXFileReference; lastKnownFileType = sourcecode.c.objc; path = ViewController.m; sourceTree = "<group>"; };
		3F4F9B3C1C328E9A008F7140 /* Base */ = {isa = PBXFileReference; lastKnownFileType = file.storyboard; name = Base; path = Base.lproj/Main.storyboard; sourceTree = "<group>"; };
		3F4F9B3E1C328E9A008F7140 /* Assets.xcassets */ = {isa = PBXFileReference; lastKnownFileType = folder.assetcatalog; path = Assets.xcassets; sourceTree = "<group>"; };
		3F4F9B411C328E9A008F7140 /* Base */ = {isa = PBXFileReference; lastKnownFileType = file.storyboard; name = Base; path = Base.lproj/LaunchScreen.storyboard; sourceTree = "<group>"; };
		3F4F9B431C328E9A008F7140 /* Info.plist */ = {isa = PBXFileReference; lastKnownFileType = text.plist.xml; path = Info.plist; sourceTree = "<group>"; };
		3F4F9B481C328E9A008F7140 /* CellDemoTests.xctest */ = {isa = PBXFileReference; explicitFileType = wrapper.cfbundle; includeInIndex = 0; path = CellDemoTests.xctest; sourceTree = BUILT_PRODUCTS_DIR; };
		3F4F9B4C1C328E9A008F7140 /* CellDemoTests.m */ = {isa = PBXFileReference; lastKnownFileType = sourcecode.c.objc; path = CellDemoTests.m; sourceTree = "<group>"; };
		3F4F9B4E1C328E9A008F7140 /* Info.plist */ = {isa = PBXFileReference; lastKnownFileType = text.plist.xml; path = Info.plist; sourceTree = "<group>"; };
		3F4F9B531C328E9A008F7140 /* CellDemoUITests.xctest */ = {isa = PBXFileReference; explicitFileType = wrapper.cfbundle; includeInIndex = 0; path = CellDemoUITests.xctest; sourceTree = BUILT_PRODUCTS_DIR; };
		3F4F9B571C328E9A008F7140 /* CellDemoUITests.m */ = {isa = PBXFileReference; lastKnownFileType = sourcecode.c.objc; path = CellDemoUITests.m; sourceTree = "<group>"; };
		3F4F9B591C328E9A008F7140 /* Info.plist */ = {isa = PBXFileReference; lastKnownFileType = text.plist.xml; path = Info.plist; sourceTree = "<group>"; };
/* End PBXFileReference section */

/* Begin PBXFrameworksBuildPhase section */
		3F4F9B2C1C328E9A008F7140 /* Frameworks */ = {
			isa = PBXFrameworksBuildPhase;
			buildActionMask = 2147483647;
			files = (
			);
			runOnlyForDeploymentPostprocessing = 0;
		};
		3F4F9B451C328E9A008F7140 /* Frameworks */ = {
			isa = PBXFrameworksBuildPhase;
			buildActionMask = 2147483647;
			files = (
			);
			runOnlyForDeploymentPostprocessing = 0;
		};
		3F4F9B501C328E9A008F7140 /* Frameworks */ = {
			isa = PBXFrameworksBuildPhase;
			buildActionMask = 2147483647;
			files = (
			);
			runOnlyForDeploymentPostprocessing = 0;
		};
/* End PBXFrameworksBuildPhase section */

/* Begin PBXGroup section */
		3F4F9B261C328E9A008F7140 = {
			isa = PBXGroup;
			children = (
				3F4F9B311C328E9A008F7140 /* CellDemo */,
				3F4F9B4B1C328E9A008F7140 /* CellDemoTests */,
				3F4F9B561C328E9A008F7140 /* CellDemoUITests */,
				3F4F9B301C328E9A008F7140 /* Products */,
			);
			sourceTree = "<group>";
		};
		3F4F9B301C328E9A008F7140 /* Products */ = {
			isa = PBXGroup;
			children = (
				3F4F9B2F1C328E9A008F7140 /* CellDemo.app */,
				3F4F9B481C328E9A008F7140 /* CellDemoTests.xctest */,
				3F4F9B531C328E9A008F7140 /* CellDemoUITests.xctest */,
			);
			name = Products;
			sourceTree = "<group>";
		};
		3F4F9B311C328E9A008F7140 /* CellDemo */ = {
			isa = PBXGroup;
			children = (
				3F4F9B351C328E9A008F7140 /* AppDelegate.h */,
				3F4F9B361C328E9A008F7140 /* AppDelegate.m */,
				3F4F9B381C328E9A008F7140 /* ViewController.h */,
				3F4F9B391C328E9A008F7140 /* ViewController.m */,
				3F4F9B3B1C328E9A008F7140 /* Main.storyboard */,
				3F4F9B3E1C328E9A008F7140 /* Assets.xcassets */,
				3F4F9B401C328E9A008F7140 /* LaunchScreen.storyboard */,
				3F4F9B431C328E9A008F7140 /* Info.plist */,
				3F4F9B321C328E9A008F7140 /* Supporting Files */,
			);
			path = CellDemo;
			sourceTree = "<group>";
		};
		3F4F9B321C328E9A008F7140 /* Supporting Files */ = {
			isa = PBXGroup;
			children = (
				3F4F9B331C328E9A008F7140 /* main.m */,
			);
			name = "Supporting Files";
			sourceTree = "<group>";
		};
		3F4F9B4B1C328E9A008F7140 /* CellDemoTests */ = {
			isa = PBXGroup;
			children = (
				3F4F9B4C1C328E9A008F7140 /* CellDemoTests.m */,
				3F4F9B4E1C328E9A008F7140 /* Info.plist */,
			);
			path = CellDemoTests;
			sourceTree = "<group>";
		};
		3F4F9B561C328E9A008F7140 /* CellDemoUITests */ = {
			isa = PBXGroup;
			children = (
				3F4F9B571C328E9A008F7140 /* CellDemoUITests.m */,
				3F4F9B591C328E9A008F7140 /* Info.plist */,
			);
			path = CellDemoUITests;
			sourceTree = "<group>";
		};
/* End PBXGroup section */

/* Begin PBXNativeTarget section */
		3F4F9B2E1C328E9A008F7140 /* CellDemo */ = {
			isa = PBXNativeTarget;
			buildConfigurationList = 3F4F9B5C1C328E9A008F7140 /* Build configuration list for PBXNativeTarget "CellDemo" */;
			buildPhases = (
				3F4F9B2B1C328E9A008F7140 /* Sources */,
				3F4F9B2C1C328E9A008F7140 /* Frameworks */,
				3F4F9B2D1C328E9A008F7140 /* Resources */,
			);
			buildRules = (
			);
			dependencies = (
			);
			name = CellDemo;
			productName = CellDemo;
			productReference = 3F4F9B2F1C328E9A008F7140 /* CellDemo.app */;
			productType = "com.apple.product-type.application";
		};
		3F4F9B471C328E9A008F7140 /* CellDemoTests */ = {
			isa = PBXNativeTarget;
			buildConfigurationList = 3F4F9B5F1C328E9A008F7140 /* Build configuration list for PBXNativeTarget "CellDemoTests" */;
			buildPhases = (
				3F4F9B441C328E9A008F7140 /* Sources */,
				3F4F9B451C328E9A008F7140 /* Frameworks */,
				3F4F9B461C328E9A008F7140 /* Resources */,
			);
			buildRules = (
			);
			dependencies = (
				3F4F9B4A1C328E9A008F7140 /* PBXTargetDependency */,
			);
			name = CellDemoTests;
			productName = CellDemoTests;
			productReference = 3F4F9B481C328E9A008F7140 /* CellDemoTests.xctest */;
			productType = "com.apple.product-type.bundle.unit-test";
		};
		3F4F9B521C328E9A008F7140 /* CellDemoUITests */ = {
			isa = PBXNativeTarget;
			buildConfigurationList = 3F4F9B621C328E9A008F7140 /* Build configuration list for PBXNativeTarget "CellDemoUITests" */;
			buildPhases = (
				3F4F9B4F1C328E9A008F7140 /* Sources */,
				3F4F9B501C328E9A008F7140 /* Frameworks */,
				3F4F9B511C328E9A008F7140 /* Resources */,
			);
			buildRules = (
			);
			dependencies = (
				3F4F9B551C328E9A008F7140 /* PBXTargetDependency */,
			);
			name = CellDemoUITests;
			productName = CellDemoUITests;
			productReference = 3F4F9B531C328E9A008F7140 /* CellDemoUITests.xctest */;
			productType = "com.apple.product-type.bundle.ui-testing";
		};
/* End PBXNativeTarget section */

/* Begin PBXProject section */
		3F4F9B271C328E9A008F7140 /* Project object */ = {
			isa = PBXProject;
			attributes = {
				LastUpgradeCheck = 0710;
				ORGANIZATIONNAME = "叶建勇";
				TargetAttributes = {
					3F4F9B2E1C328E9A008F7140 = {
						CreatedOnToolsVersion = 7.1;
					};
					3F4F9B471C328E9A008F7140 = {
						CreatedOnToolsVersion = 7.1;
						TestTargetID = 3F4F9B2E1C328E9A008F7140;
					};
					3F4F9B521C328E9A008F7140 = {
						CreatedOnToolsVersion = 7.1;
						TestTargetID = 3F4F9B2E1C328E9A008F7140;
					};
				};
			};
			buildConfigurationList = 3F4F9B2A1C328E9A008F7140 /* Build configuration list for PBXProject "CellDemo" */;
			compatibilityVersion = "Xcode 3.2";
			developmentRegion = English;
			hasScannedForEncodings = 0;
			knownRegions = (
				en,
				Base,
			);
			mainGroup = 3F4F9B261C328E9A008F7140;
			productRefGroup = 3F4F9B301C328E9A008F7140 /* Products */;
			projectDirPath = "";
			projectRoot = "";
			targets = (
				3F4F9B2E1C328E9A008F7140 /* CellDemo */,
				3F4F9B471C328E9A008F7140 /* CellDemoTests */,
				3F4F9B521C328E9A008F7140 /* CellDemoUITests */,
			);
		};
/* End PBXProject section */

/* Begin PBXResourcesBuildPhase section */
		3F4F9B2D1C328E9A008F7140 /* Resources */ = {
			isa = PBXResourcesBuildPhase;
			buildActionMask = 2147483647;
			files = (
				3F4F9B421C328E9A008F7140 /* LaunchScreen.storyboard in Resources */,
				3F4F9B3F1C328E9A008F7140 /* Assets.xcassets in Resources */,
				3F4F9B3D1C328E9A008F7140 /* Main.storyboard in Resources */,
			);
			runOnlyForDeploymentPostprocessing = 0;
		};
		3F4F9B461C328E9A008F7140 /* Resources */ = {
			isa = PBXResourcesBuildPhase;
			buildActionMask = 2147483647;
			files = (
			);
			runOnlyForDeploymentPostprocessing = 0;
		};
		3F4F9B511C328E9A008F7140 /* Resources */ = {
			isa = PBXResourcesBuildPhase;
			buildActionMask = 2147483647;
			files = (
			);
			runOnlyForDeploymentPostprocessing = 0;
		};
/* End PBXResourcesBuildPhase section */

/* Begin PBXSourcesBuildPhase section */
		3F4F9B2B1C328E9A008F7140 /* Sources */ = {
			isa = PBXSourcesBuildPhase;
			buildActionMask = 2147483647;
			files = (
				3F4F9B3A1C328E9A008F7140 /* ViewController.m in Sources */,
				3F4F9B371C328E9A008F7140 /* AppDelegate.m in Sources */,
				3F4F9B341C328E9A008F7140 /* main.m in Sources */,
			);
			runOnlyForDeploymentPostprocessing = 0;
		};
		3F4F9B441C328E9A008F7140 /* Sources */ = {
			isa = PBXSourcesBuildPhase;
			buildActionMask = 2147483647;
			files = (
				3F4F9B4D1C328E9A008F7140 /* CellDemoTests.m in Sources */,
			);
			runOnlyForDeploymentPostprocessing = 0;
		};
		3F4F9B4F1C328E9A008F7140 /* Sources */ = {
			isa = PBXSourcesBuildPhase;
			buildActionMask = 2147483647;
			files = (
				3F4F9B581C328E9A008F7140 /* CellDemoUITests.m in Sources */,
			);
			runOnlyForDeploymentPostprocessing = 0;
		};
/* End PBXSourcesBuildPhase section */

/* Begin PBXTargetDependency section */
		3F4F9B4A1C328E9A008F7140 /* PBXTargetDependency */ = {
			isa = PBXTargetDependency;
			target = 3F4F9B2E1C328E9A008F7140 /* CellDemo */;
			targetProxy = 3F4F9B491C328E9A008F7140 /* PBXContainerItemProxy */;
		};
		3F4F9B551C328E9A008F7140 /* PBXTargetDependency */ = {
			isa = PBXTargetDependency;
			target = 3F4F9B2E1C328E9A008F7140 /* CellDemo */;
			targetProxy = 3F4F9B541C328E9A008F7140 /* PBXContainerItemProxy */;
		};
/* End PBXTargetDependency section */

/* Begin PBXVariantGroup section */
		3F4F9B3B1C328E9A008F7140 /* Main.storyboard */ = {
			isa = PBXVariantGroup;
			children = (
				3F4F9B3C1C328E9A008F7140 /* Base */,
			);
			name = Main.storyboard;
			sourceTree = "<group>";
		};
		3F4F9B401C328E9A008F7140 /* LaunchScreen.storyboard */ = {
			isa = PBXVariantGroup;
			children = (
				3F4F9B411C328E9A008F7140 /* Base */,
			);
			name = LaunchScreen.storyboard;
			sourceTree = "<group>";
		};
/* End PBXVariantGroup section */

/* Begin XCBuildConfiguration section */
		3F4F9B5A1C328E9A008F7140 /* Debug */ = {
			isa = XCBuildConfiguration;
			buildSettings = {
				ALWAYS_SEARCH_USER_PATHS = NO;
				CLANG_CXX_LANGUAGE_STANDARD = "gnu++0x";
				CLANG_CXX_LIBRARY = "libc++";
				CLANG_ENABLE_MODULES = YES;
				CLANG_ENABLE_OBJC_ARC = YES;
				CLANG_WARN_BOOL_CONVERSION = YES;
				CLANG_WARN_CONSTANT_CONVERSION = YES;
				CLANG_WARN_DIRECT_OBJC_ISA_USAGE = YES_ERROR;
				CLANG_WARN_EMPTY_BODY = YES;
				CLANG_WARN_ENUM_CONVERSION = YES;
				CLANG_WARN_INT_CONVERSION = YES;
				CLANG_WARN_OBJC_ROOT_CLASS = YES_ERROR;
				CLANG_WARN_UNREACHABLE_CODE = YES;
				CLANG_WARN__DUPLICATE_METHOD_MATCH = YES;
				"CODE_SIGN_IDENTITY[sdk=iphoneos*]" = "iPhone Developer";
				COPY_PHASE_STRIP = NO;
				DEBUG_INFORMATION_FORMAT = dwarf;
				ENABLE_STRICT_OBJC_MSGSEND = YES;
				ENABLE_TESTABILITY = YES;
				GCC_C_LANGUAGE_STANDARD = gnu99;
				GCC_DYNAMIC_NO_PIC = NO;
				GCC_NO_COMMON_BLOCKS = YES;
				GCC_OPTIMIZATION_LEVEL = 0;
				GCC_PREPROCESSOR_DEFINITIONS = (
					"DEBUG=1",
					"$(inherited)",
				);
				GCC_WARN_64_TO_32_BIT_CONVERSION = YES;
				GCC_WARN_ABOUT_RETURN_TYPE = YES_ERROR;
				GCC_WARN_UNDECLARED_SELECTOR = YES;
				GCC_WARN_UNINITIALIZED_AUTOS = YES_AGGRESSIVE;
				GCC_WARN_UNUSED_FUNCTION = YES;
				GCC_WARN_UNUSED_VARIABLE = YES;
				IPHONEOS_DEPLOYMENT_TARGET = 9.1;
				MTL_ENABLE_DEBUG_INFO = YES;
				ONLY_ACTIVE_ARCH = YES;
				SDKROOT = iphoneos;
			};
			name = Debug;
		};
		3F4F9B5B1C328E9A008F7140 /* Release */ = {
			isa = XCBuildConfiguration;
			buildSettings = {
				ALWAYS_SEARCH_USER_PATHS = NO;
				CLANG_CXX_LANGUAGE_STANDARD = "gnu++0x";
				CLANG_CXX_LIBRARY = "libc++";
				CLANG_ENABLE_MODULES = YES;
				CLANG_ENABLE_OBJC_ARC = YES;
				CLANG_WARN_BOOL_CONVERSION = YES;
				CLANG_WARN_CONSTANT_CONVERSION = YES;
				CLANG_WARN_DIRECT_OBJC_ISA_USAGE = YES_ERROR;
				CLANG_WARN_EMPTY_BODY = YES;
				CLANG_WARN_ENUM_CONVERSION = YES;
				CLANG_WARN_INT_CONVERSION = YES;
				CLANG_WARN_OBJC_ROOT_CLASS = YES_ERROR;
				CLANG_WARN_UNREACHABLE_CODE = YES;
				CLANG_WARN__DUPLICATE_METHOD_MATCH = YES;
				"CODE_SIGN_IDENTITY[sdk=iphoneos*]" = "iPhone Developer";
				COPY_PHASE_STRIP = NO;
				DEBUG_INFORMATION_FORMAT = "dwarf-with-dsym";
				ENABLE_NS_ASSERTIONS = NO;
				ENABLE_STRICT_OBJC_MSGSEND = YES;
				GCC_C_LANGUAGE_STANDARD = gnu99;
				GCC_NO_COMMON_BLOCKS = YES;
				GCC_WARN_64_TO_32_BIT_CONVERSION = YES;
				GCC_WARN_ABOUT_RETURN_TYPE = YES_ERROR;
				GCC_WARN_UNDECLARED_SELECTOR = YES;
				GCC_WARN_UNINITIALIZED_AUTOS = YES_AGGRESSIVE;
				GCC_WARN_UNUSED_FUNCTION = YES;
				GCC_WARN_UNUSED_VARIABLE = YES;
				IPHONEOS_DEPLOYMENT_TARGET = 9.1;
				MTL_ENABLE_DEBUG_INFO = NO;
				SDKROOT = iphoneos;
				VALIDATE_PRODUCT = YES;
			};
			name = Release;
		};
		3F4F9B5D1C328E9A008F7140 /* Debug */ = {
			isa = XCBuildConfiguration;
			buildSettings = {
				ASSETCATALOG_COMPILER_APPICON_NAME = AppIcon;
				INFOPLIST_FILE = CellDemo/Info.plist;
				LD_RUNPATH_SEARCH_PATHS = "$(inherited) @executable_path/Frameworks";
				PRODUCT_BUNDLE_IDENTIFIER = kong.CellDemo;
				PRODUCT_NAME = "$(TARGET_NAME)";
			};
			name = Debug;
		};
		3F4F9B5E1C328E9A008F7140 /* Release */ = {
			isa = XCBuildConfiguration;
			buildSettings = {
				ASSETCATALOG_COMPILER_APPICON_NAME = AppIcon;
				INFOPLIST_FILE = CellDemo/Info.plist;
				LD_RUNPATH_SEARCH_PATHS = "$(inherited) @executable_path/Frameworks";
				PRODUCT_BUNDLE_IDENTIFIER = kong.CellDemo;
				PRODUCT_NAME = "$(TARGET_NAME)";
			};
			name = Release;
		};
		3F4F9B601C328E9A008F7140 /* Debug */ = {
			isa = XCBuildConfiguration;
			buildSettings = {
				BUNDLE_LOADER = "$(TEST_HOST)";
				INFOPLIST_FILE = CellDemoTests/Info.plist;
				LD_RUNPATH_SEARCH_PATHS = "$(inherited) @executable_path/Frameworks @loader_path/Frameworks";
				PRODUCT_BUNDLE_IDENTIFIER = kong.CellDemoTests;
				PRODUCT_NAME = "$(TARGET_NAME)";
				TEST_HOST = "$(BUILT_PRODUCTS_DIR)/CellDemo.app/CellDemo";
			};
			name = Debug;
		};
		3F4F9B611C328E9A008F7140 /* Release */ = {
			isa = XCBuildConfiguration;
			buildSettings = {
				BUNDLE_LOADER = "$(TEST_HOST)";
				INFOPLIST_FILE = CellDemoTests/Info.plist;
				LD_RUNPATH_SEARCH_PATHS = "$(inherited) @executable_path/Frameworks @loader_path/Frameworks";
				PRODUCT_BUNDLE_IDENTIFIER = kong.CellDemoTests;
				PRODUCT_NAME = "$(TARGET_NAME)";
				TEST_HOST = "$(BUILT_PRODUCTS_DIR)/CellDemo.app/CellDemo";
			};
			name = Release;
		};
		3F4F9B631C328E9A008F7140 /* Debug */ = {
			isa = XCBuildConfiguration;
			buildSettings = {
				INFOPLIST_FILE = CellDemoUITests/Info.plist;
				LD_RUNPATH_SEARCH_PATHS = "$(inherited) @executable_path/Frameworks @loader_path/Frameworks";
				PRODUCT_BUNDLE_IDENTIFIER = kong.CellDemoUITests;
				PRODUCT_NAME = "$(TARGET_NAME)";
				TEST_TARGET_NAME = CellDemo;
				USES_XCTRUNNER = YES;
			};
			name = Debug;
		};
		3F4F9B641C328E9A008F7140 /* Release */ = {
			isa = XCBuildConfiguration;
			buildSettings = {
				INFOPLIST_FILE = CellDemoUITests/Info.plist;
				LD_RUNPATH_SEARCH_PATHS = "$(inherited) @executable_path/Frameworks @loader_path/Frameworks";
				PRODUCT_BUNDLE_IDENTIFIER = kong.CellDemoUITests;
				PRODUCT_NAME = "$(TARGET_NAME)";
				TEST_TARGET_NAME = CellDemo;
				USES_XCTRUNNER = YES;
			};
			name = Release;
		};
/* End XCBuildConfiguration section */

/* Begin XCConfigurationList section */
		3F4F9B2A1C328E9A008F7140 /* Build configuration list for PBXProject "CellDemo" */ = {
			isa = XCConfigurationList;
			buildConfigurations = (
				3F4F9B5A1C328E9A008F7140 /* Debug */,
				3F4F9B5B1C328E9A008F7140 /* Release */,
			);
			defaultConfigurationIsVisible = 0;
			defaultConfigurationName = Release;
		};
		3F4F9B5C1C328E9A008F7140 /* Build configuration list for PBXNativeTarget "CellDemo" */ = {
			isa = XCConfigurationList;
			buildConfigurations = (
				3F4F9B5D1C328E9A008F7140 /* Debug */,
				3F4F9B5E1C328E9A008F7140 /* Release */,
			);
			defaultConfigurationIsVisible = 0;
		};
		3F4F9B5F1C328E9A008F7140 /* Build configuration list for PBXNativeTarget "CellDemoTests" */ = {
			isa = XCConfigurationList;
			buildConfigurations = (
				3F4F9B601C328E9A008F7140 /* Debug */,
				3F4F9B611C328E9A008F7140 /* Release */,
			);
			defaultConfigurationIsVisible = 0;
		};
		3F4F9B621C328E9A008F7140 /* Build configuration list for PBXNativeTarget "CellDemoUITests" */ = {
			isa = XCConfigurationList;
			buildConfigurations = (
				3F4F9B631C328E9A008F7140 /* Debug */,
				3F4F9B641C328E9A008F7140 /* Release */,
			);
			defaultConfigurationIsVisible = 0;
		};
/* End XCConfigurationList section */
	};
	rootObject = 3F4F9B271C328E9A008F7140 /* Project object */;
}
